
Microsoft Visual Studio Solution File, Format Version 12.00
# Visual Studio Version 17
VisualStudioVersion = 17.11.35431.28
MinimumVisualStudioVersion = 10.0.40219.1
Project("{FAE04EC0-301F-11D3-BF4B-00C04F79EFBC}") = "Module 1", "Module 1\Module 1.csproj", "{7ADCE4F9-90F9-42D1-BF7B-A7748992B0FB}"
EndProject
Project("{FAE04EC0-301F-11D3-BF4B-00C04F79EFBC}") = "Module 2", "Module 2\Module 2.csproj", "{4AE7AF58-FB17-4BB3-9C4F-1BC45066F2E0}"
EndProject
Global
	GlobalSection(SolutionConfigurationPlatforms) = preSolution
		Debug|Any CPU = Debug|Any CPU
		Release|Any CPU = Release|Any CPU
	EndGlobalSection
	GlobalSection(ProjectConfigurationPlatforms) = postSolution
		{7ADCE4F9-90F9-42D1-BF7B-A7748992B0FB}.Debug|Any CPU.ActiveCfg = Debug|Any CPU
		{7ADCE4F9-90F9-42D1-BF7B-A7748992B0FB}.Debug|Any CPU.Build.0 = Debug|Any CPU
		{7ADCE4F9-90F9-42D1-BF7B-A7748992B0FB}.Release|Any CPU.ActiveCfg = Release|Any CPU
		{7ADCE4F9-90F9-42D1-BF7B-A7748992B0FB}.Release|Any CPU.Build.0 = Release|Any CPU
		{4AE7AF58-FB17-4BB3-9C4F-1BC45066F2E0}.Debug|Any CPU.ActiveCfg = Debug|Any CPU
		{4AE7AF58-FB17-4BB3-9C4F-1BC45066F2E0}.Debug|Any CPU.Build.0 = Debug|Any CPU
		{4AE7AF58-FB17-4BB3-9C4F-1BC45066F2E0}.Release|Any CPU.ActiveCfg = Release|Any CPU
		{4AE7AF58-FB17-4BB3-9C4F-1BC45066F2E0}.Release|Any CPU.Build.0 = Release|Any CPU
	EndGlobalSection
	GlobalSection(SolutionProperties) = preSolution
		HideSolutionNode = FALSE
	EndGlobalSection
	GlobalSection(ExtensibilityGlobals) = postSolution
		SolutionGuid = {7C72914F-04FF-445B-9935-CEACFB2010D1}
	EndGlobalSection
EndGlobal
